// !$*UTF8*$!
{
	archiveVersion = 1;
	classes = {
	};
	objectVersion = 55;
	objects = {

/* Begin PBXBuildFile section */
		1672C6B069CDA5EB9C489580 /* Pods_paysdk_objc_test.framework in Frameworks */ = {isa = PBXBuildFile; fileRef = C480721B6D052E21EF9C3F6E /* Pods_paysdk_objc_test.framework */; };
		861B2E25287D1A8900AB605D /* AppDelegate.m in Sources */ = {isa = PBXBuildFile; fileRef = 861B2E24287D1A8900AB605D /* AppDelegate.m */; };
		861B2E28287D1A8900AB605D /* SceneDelegate.m in Sources */ = {isa = PBXBuildFile; fileRef = 861B2E27287D1A8900AB605D /* SceneDelegate.m */; };
		861B2E2B287D1A8900AB605D /* ViewController.m in Sources */ = {isa = PBXBuildFile; fileRef = 861B2E2A287D1A8900AB605D /* ViewController.m */; };
		861B2E2E287D1A8900AB605D /* Main.storyboard in Resources */ = {isa = PBXBuildFile; fileRef = 861B2E2C287D1A8900AB605D /* Main.storyboard */; };
		861B2E30287D1A8B00AB605D /* Assets.xcassets in Resources */ = {isa = PBXBuildFile; fileRef = 861B2E2F287D1A8B00AB605D /* Assets.xcassets */; };
		861B2E33287D1A8B00AB605D /* LaunchScreen.storyboard in Resources */ = {isa = PBXBuildFile; fileRef = 861B2E31287D1A8B00AB605D /* LaunchScreen.storyboard */; };
		861B2E36287D1A8B00AB605D /* main.m in Sources */ = {isa = PBXBuildFile; fileRef = 861B2E35287D1A8B00AB605D /* main.m */; };
		86724B61287D20FD00C663CB /* paysdk.plist in Resources */ = {isa = PBXBuildFile; fileRef = 86724B60287D20FD00C663CB /* paysdk.plist */; };
/* End PBXBuildFile section */

/* Begin PBXFileReference section */
		318C35A2F0B4BBA1C7B7C8F6 /* Pods-paysdk-objc-test.debug.xcconfig */ = {isa = PBXFileReference; includeInIndex = 1; lastKnownFileType = text.xcconfig; name = "Pods-paysdk-objc-test.debug.xcconfig"; path = "Target Support Files/Pods-paysdk-objc-test/Pods-paysdk-objc-test.debug.xcconfig"; sourceTree = "<group>"; };
		861B2E20287D1A8900AB605D /* paysdk-objc-test.app */ = {isa = PBXFileReference; explicitFileType = wrapper.application; includeInIndex = 0; path = "paysdk-objc-test.app"; sourceTree = BUILT_PRODUCTS_DIR; };
		861B2E23287D1A8900AB605D /* AppDelegate.h */ = {isa = PBXFileReference; lastKnownFileType = sourcecode.c.h; path = AppDelegate.h; sourceTree = "<group>"; };
		861B2E24287D1A8900AB605D /* AppDelegate.m */ = {isa = PBXFileReference; lastKnownFileType = sourcecode.c.objc; path = AppDelegate.m; sourceTree = "<group>"; };
		861B2E26287D1A8900AB605D /* SceneDelegate.h */ = {isa = PBXFileReference; lastKnownFileType = sourcecode.c.h; path = SceneDelegate.h; sourceTree = "<group>"; };
		861B2E27287D1A8900AB605D /* SceneDelegate.m */ = {isa = PBXFileReference; lastKnownFileType = sourcecode.c.objc; path = SceneDelegate.m; sourceTree = "<group>"; };
		861B2E29287D1A8900AB605D /* ViewController.h */ = {isa = PBXFileReference; lastKnownFileType = sourcecode.c.h; path = ViewController.h; sourceTree = "<group>"; };
		861B2E2A287D1A8900AB605D /* ViewController.m */ = {isa = PBXFileReference; lastKnownFileType = sourcecode.c.objc; path = ViewController.m; sourceTree = "<group>"; };
		861B2E2D287D1A8900AB605D /* Base */ = {isa = PBXFileReference; lastKnownFileType = file.storyboard; name = Base; path = Base.lproj/Main.storyboard; sourceTree = "<group>"; };
		861B2E2F287D1A8B00AB605D /* Assets.xcassets */ = {isa = PBXFileReference; lastKnownFileType = folder.assetcatalog; path = Assets.xcassets; sourceTree = "<group>"; };
		861B2E32287D1A8B00AB605D /* Base */ = {isa = PBXFileReference; lastKnownFileType = file.storyboard; name = Base; path = Base.lproj/LaunchScreen.storyboard; sourceTree = "<group>"; };
		861B2E34287D1A8B00AB605D /* Info.plist */ = {isa = PBXFileReference; lastKnownFileType = text.plist.xml; path = Info.plist; sourceTree = "<group>"; };
		861B2E35287D1A8B00AB605D /* main.m */ = {isa = PBXFileReference; lastKnownFileType = sourcecode.c.objc; path = main.m; sourceTree = "<group>"; };
		86724B60287D20FD00C663CB /* paysdk.plist */ = {isa = PBXFileReference; lastKnownFileType = text.plist.xml; path = paysdk.plist; sourceTree = "<group>"; };
		A4CAE378D0C2C94906275839 /* Pods-paysdk-objc-test.release.xcconfig */ = {isa = PBXFileReference; includeInIndex = 1; lastKnownFileType = text.xcconfig; name = "Pods-paysdk-objc-test.release.xcconfig"; path = "Target Support Files/Pods-paysdk-objc-test/Pods-paysdk-objc-test.release.xcconfig"; sourceTree = "<group>"; };
		C480721B6D052E21EF9C3F6E /* Pods_paysdk_objc_test.framework */ = {isa = PBXFileReference; explicitFileType = wrapper.framework; includeInIndex = 0; path = Pods_paysdk_objc_test.framework; sourceTree = BUILT_PRODUCTS_DIR; };
/* End PBXFileReference section */

/* Begin PBXFrameworksBuildPhase section */
		861B2E1D287D1A8900AB605D /* Frameworks */ = {
			isa = PBXFrameworksBuildPhase;
			buildActionMask = 2147483647;
			files = (
				1672C6B069CDA5EB9C489580 /* Pods_paysdk_objc_test.framework in Frameworks */,
			);
			runOnlyForDeploymentPostprocessing = 0;
		};
/* End PBXFrameworksBuildPhase section */

/* Begin PBXGroup section */
		0E1C65777CB760848DA2469C /* Pods */ = {
			isa = PBXGroup;
			children = (
				318C35A2F0B4BBA1C7B7C8F6 /* Pods-paysdk-objc-test.debug.xcconfig */,
				A4CAE378D0C2C94906275839 /* Pods-paysdk-objc-test.release.xcconfig */,
			);
			path = Pods;
			sourceTree = "<group>";
		};
		83E40C4FA21985273A9F3A44 /* Frameworks */ = {
			isa = PBXGroup;
			children = (
				C480721B6D052E21EF9C3F6E /* Pods_paysdk_objc_test.framework */,
			);
			name = Frameworks;
			sourceTree = "<group>";
		};
		861B2E17287D1A8900AB605D = {
			isa = PBXGroup;
			children = (
				861B2E22287D1A8900AB605D /* paysdk-objc-test */,
				861B2E21287D1A8900AB605D /* Products */,
				0E1C65777CB760848DA2469C /* Pods */,
				83E40C4FA21985273A9F3A44 /* Frameworks */,
			);
			sourceTree = "<group>";
		};
		861B2E21287D1A8900AB605D /* Products */ = {
			isa = PBXGroup;
			children = (
				861B2E20287D1A8900AB605D /* paysdk-objc-test.app */,
			);
			name = Products;
			sourceTree = "<group>";
		};
		861B2E22287D1A8900AB605D /* paysdk-objc-test */ = {
			isa = PBXGroup;
			children = (
				861B2E23287D1A8900AB605D /* AppDelegate.h */,
				861B2E24287D1A8900AB605D /* AppDelegate.m */,
				861B2E26287D1A8900AB605D /* SceneDelegate.h */,
				861B2E27287D1A8900AB605D /* SceneDelegate.m */,
				861B2E29287D1A8900AB605D /* ViewController.h */,
				861B2E2A287D1A8900AB605D /* ViewController.m */,
				861B2E2C287D1A8900AB605D /* Main.storyboard */,
				861B2E2F287D1A8B00AB605D /* Assets.xcassets */,
				861B2E31287D1A8B00AB605D /* LaunchScreen.storyboard */,
				861B2E34287D1A8B00AB605D /* Info.plist */,
				861B2E35287D1A8B00AB605D /* main.m */,
				86724B60287D20FD00C663CB /* paysdk.plist */,
			);
			path = "paysdk-objc-test";
			sourceTree = "<group>";
		};
/* End PBXGroup section */

/* Begin PBXNativeTarget section */
		861B2E1F287D1A8900AB605D /* paysdk-objc-test */ = {
			isa = PBXNativeTarget;
			buildConfigurationList = 861B2E39287D1A8B00AB605D /* Build configuration list for PBXNativeTarget "paysdk-objc-test" */;
			buildPhases = (
				D0D59960E7D8AB241A8D2EEB /* [CP] Check Pods Manifest.lock */,
				861B2E1C287D1A8900AB605D /* Sources */,
				861B2E1D287D1A8900AB605D /* Frameworks */,
				861B2E1E287D1A8900AB605D /* Resources */,
				6C55E8F125516E33BF3ECF9A /* [CP] Embed Pods Frameworks */,
			);
			buildRules = (
			);
			dependencies = (
			);
			name = "paysdk-objc-test";
			productName = "paysdk-objc-test";
			productReference = 861B2E20287D1A8900AB605D /* paysdk-objc-test.app */;
			productType = "com.apple.product-type.application";
		};
/* End PBXNativeTarget section */

/* Begin PBXProject section */
		861B2E18287D1A8900AB605D /* Project object */ = {
			isa = PBXProject;
			attributes = {
				BuildIndependentTargetsInParallel = 1;
				LastUpgradeCheck = 1340;
				TargetAttributes = {
					861B2E1F287D1A8900AB605D = {
						CreatedOnToolsVersion = 13.4.1;
					};
				};
			};
			buildConfigurationList = 861B2E1B287D1A8900AB605D /* Build configuration list for PBXProject "paysdk-objc-test" */;
			compatibilityVersion = "Xcode 13.0";
			developmentRegion = en;
			hasScannedForEncodings = 0;
			knownRegions = (
				en,
				Base,
			);
			mainGroup = 861B2E17287D1A8900AB605D;
			productRefGroup = 861B2E21287D1A8900AB605D /* Products */;
			projectDirPath = "";
			projectRoot = "";
			targets = (
				861B2E1F287D1A8900AB605D /* paysdk-objc-test */,
			);
		};
/* End PBXProject section */

/* Begin PBXResourcesBuildPhase section */
		861B2E1E287D1A8900AB605D /* Resources */ = {
			isa = PBXResourcesBuildPhase;
			buildActionMask = 2147483647;
			files = (
				861B2E33287D1A8B00AB605D /* LaunchScreen.storyboard in Resources */,
				861B2E30287D1A8B00AB605D /* Assets.xcassets in Resources */,
				86724B61287D20FD00C663CB /* paysdk.plist in Resources */,
				861B2E2E287D1A8900AB605D /* Main.storyboard in Resources */,
			);
			runOnlyForDeploymentPostprocessing = 0;
		};
/* End PBXResourcesBuildPhase section */

/* Begin PBXShellScriptBuildPhase section */
		6C55E8F125516E33BF3ECF9A /* [CP] Embed Pods Frameworks */ = {
			isa = PBXShellScriptBuildPhase;
			buildActionMask = 2147483647;
			files = (
			);
			inputFileListPaths = (
				"${PODS_ROOT}/Target Support Files/Pods-paysdk-objc-test/Pods-paysdk-objc-test-frameworks-${CONFIGURATION}-input-files.xcfilelist",
			);
			name = "[CP] Embed Pods Frameworks";
			outputFileListPaths = (
				"${PODS_ROOT}/Target Support Files/Pods-paysdk-objc-test/Pods-paysdk-objc-test-frameworks-${CONFIGURATION}-output-files.xcfilelist",
			);
			runOnlyForDeploymentPostprocessing = 0;
			shellPath = /bin/sh;
			shellScript = "\"${PODS_ROOT}/Target Support Files/Pods-paysdk-objc-test/Pods-paysdk-objc-test-frameworks.sh\"\n";
			showEnvVarsInLog = 0;
		};
		D0D59960E7D8AB241A8D2EEB /* [CP] Check Pods Manifest.lock */ = {
			isa = PBXShellScriptBuildPhase;
			buildActionMask = 2147483647;
			files = (
			);
			inputFileListPaths = (
			);
			inputPaths = (
				"${PODS_PODFILE_DIR_PATH}/Podfile.lock",
				"${PODS_ROOT}/Manifest.lock",
			);
			name = "[CP] Check Pods Manifest.lock";
			outputFileListPaths = (
			);
			outputPaths = (
				"$(DERIVED_FILE_DIR)/Pods-paysdk-objc-test-checkManifestLockResult.txt",
			);
			runOnlyForDeploymentPostprocessing = 0;
			shellPath = /bin/sh;
			shellScript = "diff \"${PODS_PODFILE_DIR_PATH}/Podfile.lock\" \"${PODS_ROOT}/Manifest.lock\" > /dev/null\nif [ $? != 0 ] ; then\n    # print error to STDERR\n    echo \"error: The sandbox is not in sync with the Podfile.lock. Run 'pod install' or update your CocoaPods installation.\" >&2\n    exit 1\nfi\n# This output is used by Xcode 'outputs' to avoid re-running this script phase.\necho \"SUCCESS\" > \"${SCRIPT_OUTPUT_FILE_0}\"\n";
			showEnvVarsInLog = 0;
		};
/* End PBXShellScriptBuildPhase section */

/* Begin PBXSourcesBuildPhase section */
		861B2E1C287D1A8900AB605D /* Sources */ = {
			isa = PBXSourcesBuildPhase;
			buildActionMask = 2147483647;
			files = (
				861B2E2B287D1A8900AB605D /* ViewController.m in Sources */,
				861B2E25287D1A8900AB605D /* AppDelegate.m in Sources */,
				861B2E36287D1A8B00AB605D /* main.m in Sources */,
				861B2E28287D1A8900AB605D /* SceneDelegate.m in Sources */,
			);
			runOnlyForDeploymentPostprocessing = 0;
		};
/* End PBXSourcesBuildPhase section */

/* Begin PBXVariantGroup section */
		861B2E2C287D1A8900AB605D /* Main.storyboard */ = {
			isa = PBXVariantGroup;
			children = (
				861B2E2D287D1A8900AB605D /* Base */,
			);
			name = Main.storyboard;
			sourceTree = "<group>";
		};
		861B2E31287D1A8B00AB605D /* LaunchScreen.storyboard */ = {
			isa = PBXVariantGroup;
			children = (
				861B2E32287D1A8B00AB605D /* Base */,
			);
			name = LaunchScreen.storyboard;
			sourceTree = "<group>";
		};
/* End PBXVariantGroup section */

/* Begin XCBuildConfiguration section */
		861B2E37287D1A8B00AB605D /* Debug */ = {
			isa = XCBuildConfiguration;
			buildSettings = {
				ALWAYS_SEARCH_USER_PATHS = NO;
				CLANG_ANALYZER_NONNULL = YES;
				CLANG_ANALYZER_NUMBER_OBJECT_CONVERSION = YES_AGGRESSIVE;
				CLANG_CXX_LANGUAGE_STANDARD = "gnu++17";
				CLANG_ENABLE_MODULES = YES;
				CLANG_ENABLE_OBJC_ARC = YES;
				CLANG_ENABLE_OBJC_WEAK = YES;
				CLANG_WARN_BLOCK_CAPTURE_AUTORELEASING = YES;
				CLANG_WARN_BOOL_CONVERSION = YES;
				CLANG_WARN_COMMA = YES;
				CLANG_WARN_CONSTANT_CONVERSION = YES;
				CLANG_WARN_DEPRECATED_OBJC_IMPLEMENTATIONS = YES;
				CLANG_WARN_DIRECT_OBJC_ISA_USAGE = YES_ERROR;
				CLANG_WARN_DOCUMENTATION_COMMENTS = YES;
				CLANG_WARN_EMPTY_BODY = YES;
				CLANG_WARN_ENUM_CONVERSION = YES;
				CLANG_WARN_INFINITE_RECURSION = YES;
				CLANG_WARN_INT_CONVERSION = YES;
				CLANG_WARN_NON_LITERAL_NULL_CONVERSION = YES;
				CLANG_WARN_OBJC_IMPLICIT_RETAIN_SELF = YES;
				CLANG_WARN_OBJC_LITERAL_CONVERSION = YES;
				CLANG_WARN_OBJC_ROOT_CLASS = YES_ERROR;
				CLANG_WARN_QUOTED_INCLUDE_IN_FRAMEWORK_HEADER = YES;
				CLANG_WARN_RANGE_LOOP_ANALYSIS = YES;
				CLANG_WARN_STRICT_PROTOTYPES = YES;
				CLANG_WARN_SUSPICIOUS_MOVE = YES;
				CLANG_WARN_UNGUARDED_AVAILABILITY = YES_AGGRESSIVE;
				CLANG_WARN_UNREACHABLE_CODE = YES;
				CLANG_WARN__DUPLICATE_METHOD_MATCH = YES;
				COPY_PHASE_STRIP = NO;
				DEBUG_INFORMATION_FORMAT = dwarf;
				ENABLE_STRICT_OBJC_MSGSEND = YES;
				ENABLE_TESTABILITY = YES;
				GCC_C_LANGUAGE_STANDARD = gnu11;
				GCC_DYNAMIC_NO_PIC = NO;
				GCC_NO_COMMON_BLOCKS = YES;
				GCC_OPTIMIZATION_LEVEL = 0;
				GCC_PREPROCESSOR_DEFINITIONS = (
					"DEBUG=1",
					"$(inherited)",
				);
				GCC_WARN_64_TO_32_BIT_CONVERSION = YES;
				GCC_WARN_ABOUT_RETURN_TYPE = YES_ERROR;
				GCC_WARN_UNDECLARED_SELECTOR = YES;
				GCC_WARN_UNINITIALIZED_AUTOS = YES_AGGRESSIVE;
				GCC_WARN_UNUSED_FUNCTION = YES;
				GCC_WARN_UNUSED_VARIABLE = YES;
				IPHONEOS_DEPLOYMENT_TARGET = 15.5;
				MTL_ENABLE_DEBUG_INFO = INCLUDE_SOURCE;
				MTL_FAST_MATH = YES;
				ONLY_ACTIVE_ARCH = YES;
				SDKROOT = iphoneos;
			};
			name = Debug;
		};
		861B2E38287D1A8B00AB605D /* Release */ = {
			isa = XCBuildConfiguration;
			buildSettings = {
				ALWAYS_SEARCH_USER_PATHS = NO;
				CLANG_ANALYZER_NONNULL = YES;
				CLANG_ANALYZER_NUMBER_OBJECT_CONVERSION = YES_AGGRESSIVE;
				CLANG_CXX_LANGUAGE_STANDARD = "gnu++17";
				CLANG_ENABLE_MODULES = YES;
				CLANG_ENABLE_OBJC_ARC = YES;
				CLANG_ENABLE_OBJC_WEAK = YES;
				CLANG_WARN_BLOCK_CAPTURE_AUTORELEASING = YES;
				CLANG_WARN_BOOL_CONVERSION = YES;
				CLANG_WARN_COMMA = YES;
				CLANG_WARN_CONSTANT_CONVERSION = YES;
				CLANG_WARN_DEPRECATED_OBJC_IMPLEMENTATIONS = YES;
				CLANG_WARN_DIRECT_OBJC_ISA_USAGE = YES_ERROR;
				CLANG_WARN_DOCUMENTATION_COMMENTS = YES;
				CLANG_WARN_EMPTY_BODY = YES;
				CLANG_WARN_ENUM_CONVERSION = YES;
				CLANG_WARN_INFINITE_RECURSION = YES;
				CLANG_WARN_INT_CONVERSION = YES;
				CLANG_WARN_NON_LITERAL_NULL_CONVERSION = YES;
				CLANG_WARN_OBJC_IMPLICIT_RETAIN_SELF = YES;
				CLANG_WARN_OBJC_LITERAL_CONVERSION = YES;
				CLANG_WARN_OBJC_ROOT_CLASS = YES_ERROR;
				CLANG_WARN_QUOTED_INCLUDE_IN_FRAMEWORK_HEADER = YES;
				CLANG_WARN_RANGE_LOOP_ANALYSIS = YES;
				CLANG_WARN_STRICT_PROTOTYPES = YES;
				CLANG_WARN_SUSPICIOUS_MOVE = YES;
				CLANG_WARN_UNGUARDED_AVAILABILITY = YES_AGGRESSIVE;
				CLANG_WARN_UNREACHABLE_CODE = YES;
				CLANG_WARN__DUPLICATE_METHOD_MATCH = YES;
				COPY_PHASE_STRIP = NO;
				DEBUG_INFORMATION_FORMAT = "dwarf-with-dsym";
				ENABLE_NS_ASSERTIONS = NO;
				ENABLE_STRICT_OBJC_MSGSEND = YES;
				GCC_C_LANGUAGE_STANDARD = gnu11;
				GCC_NO_COMMON_BLOCKS = YES;
				GCC_WARN_64_TO_32_BIT_CONVERSION = YES;
				GCC_WARN_ABOUT_RETURN_TYPE = YES_ERROR;
				GCC_WARN_UNDECLARED_SELECTOR = YES;
				GCC_WARN_UNINITIALIZED_AUTOS = YES_AGGRESSIVE;
				GCC_WARN_UNUSED_FUNCTION = YES;
				GCC_WARN_UNUSED_VARIABLE = YES;
				IPHONEOS_DEPLOYMENT_TARGET = 15.5;
				MTL_ENABLE_DEBUG_INFO = NO;
				MTL_FAST_MATH = YES;
				SDKROOT = iphoneos;
				VALIDATE_PRODUCT = YES;
			};
			name = Release;
		};
		861B2E3A287D1A8B00AB605D /* Debug */ = {
			isa = XCBuildConfiguration;
			baseConfigurationReference = 318C35A2F0B4BBA1C7B7C8F6 /* Pods-paysdk-objc-test.debug.xcconfig */;
			buildSettings = {
				ASSETCATALOG_COMPILER_APPICON_NAME = AppIcon;
				ASSETCATALOG_COMPILER_GLOBAL_ACCENT_COLOR_NAME = AccentColor;
				CODE_SIGN_STYLE = Automatic;
				CURRENT_PROJECT_VERSION = 1;
				GENERATE_INFOPLIST_FILE = YES;
				INFOPLIST_FILE = "paysdk-objc-test/Info.plist";
				INFOPLIST_KEY_UIApplicationSupportsIndirectInputEvents = YES;
				INFOPLIST_KEY_UILaunchStoryboardName = LaunchScreen;
				INFOPLIST_KEY_UIMainStoryboardFile = Main;
				INFOPLIST_KEY_UISupportedInterfaceOrientations_iPad = "UIInterfaceOrientationPortrait UIInterfaceOrientationPortraitUpsideDown UIInterfaceOrientationLandscapeLeft UIInterfaceOrientationLandscapeRight";
				INFOPLIST_KEY_UISupportedInterfaceOrientations_iPhone = "UIInterfaceOrientationPortrait UIInterfaceOrientationLandscapeLeft UIInterfaceOrientationLandscapeRight";
				LD_RUNPATH_SEARCH_PATHS = (
					"$(inherited)",
					"@executable_path/Frameworks",
				);
				MARKETING_VERSION = 1.0;
				PRODUCT_BUNDLE_IDENTIFIER = "com.company.paysdk-objc-test";
				PRODUCT_NAME = "$(TARGET_NAME)";
				SWIFT_EMIT_LOC_STRINGS = YES;
				TARGETED_DEVICE_FAMILY = "1,2";
			};
			name = Debug;
		};
		861B2E3B287D1A8B00AB605D /* Release */ = {
			isa = XCBuildConfiguration;
			baseConfigurationReference = A4CAE378D0C2C94906275839 /* Pods-paysdk-objc-test.release.xcconfig */;
			buildSettings = {
				ASSETCATALOG_COMPILER_APPICON_NAME = AppIcon;
				ASSETCATALOG_COMPILER_GLOBAL_ACCENT_COLOR_NAME = AccentColor;
				CODE_SIGN_STYLE = Automatic;
				CURRENT_PROJECT_VERSION = 1;
				GENERATE_INFOPLIST_FILE = YES;
				INFOPLIST_FILE = "paysdk-objc-test/Info.plist";
				INFOPLIST_KEY_UIApplicationSupportsIndirectInputEvents = YES;
				INFOPLIST_KEY_UILaunchStoryboardName = LaunchScreen;
				INFOPLIST_KEY_UIMainStoryboardFile = Main;
				INFOPLIST_KEY_UISupportedInterfaceOrientations_iPad = "UIInterfaceOrientationPortrait UIInterfaceOrientationPortraitUpsideDown UIInterfaceOrientationLandscapeLeft UIInterfaceOrientationLandscapeRight";
				INFOPLIST_KEY_UISupportedInterfaceOrientations_iPhone = "UIInterfaceOrientationPortrait UIInterfaceOrientationLandscapeLeft UIInterfaceOrientationLandscapeRight";
				LD_RUNPATH_SEARCH_PATHS = (
					"$(inherited)",
					"@executable_path/Frameworks",
				);
				MARKETING_VERSION = 1.0;
				PRODUCT_BUNDLE_IDENTIFIER = "com.company.paysdk-objc-test";
				PRODUCT_NAME = "$(TARGET_NAME)";
				SWIFT_EMIT_LOC_STRINGS = YES;
				TARGETED_DEVICE_FAMILY = "1,2";
			};
			name = Release;
		};
/* End XCBuildConfiguration section */

/* Begin XCConfigurationList section */
		861B2E1B287D1A8900AB605D /* Build configuration list for PBXProject "paysdk-objc-test" */ = {
			isa = XCConfigurationList;
			buildConfigurations = (
				861B2E37287D1A8B00AB605D /* Debug */,
				861B2E38287D1A8B00AB605D /* Release */,
			);
			defaultConfigurationIsVisible = 0;
			defaultConfigurationName = Release;
		};
		861B2E39287D1A8B00AB605D /* Build configuration list for PBXNativeTarget "paysdk-objc-test" */ = {
			isa = XCConfigurationList;
			buildConfigurations = (
				861B2E3A287D1A8B00AB605D /* Debug */,
				861B2E3B287D1A8B00AB605D /* Release */,
			);
			defaultConfigurationIsVisible = 0;
			defaultConfigurationName = Release;
		};
/* End XCConfigurationList section */
	};
	rootObject = 861B2E18287D1A8900AB605D /* Project object */;
}
